
Microsoft Visual Studio Solution File, Format Version 12.00
# Visual Studio 15
VisualStudioVersion = 15.0.28307.1738
MinimumVisualStudioVersion = 10.0.40219.1
Project("{FAE04EC0-301F-11D3-BF4B-00C04F79EFBC}") = "MVCBlog", "MVCBlog\MVCBlog.csproj", "{B0208E63-E25F-442E-90A6-CFB349830E8B}"
EndProject
Global
	GlobalSection(SolutionConfigurationPlatforms) = preSolution
		Debug|Any CPU = Debug|Any CPU
		Release|Any CPU = Release|Any CPU
	EndGlobalSection
	GlobalSection(ProjectConfigurationPlatforms) = postSolution
		{B0208E63-E25F-442E-90A6-CFB349830E8B}.Debug|Any CPU.ActiveCfg = Debug|Any CPU
		{B0208E63-E25F-442E-90A6-CFB349830E8B}.Debug|Any CPU.Build.0 = Debug|Any CPU
		{B0208E63-E25F-442E-90A6-CFB349830E8B}.Release|Any CPU.ActiveCfg = Release|Any CPU
		{B0208E63-E25F-442E-90A6-CFB349830E8B}.Release|Any CPU.Build.0 = Release|Any CPU
	EndGlobalSection
	GlobalSection(SolutionProperties) = preSolution
		HideSolutionNode = FALSE
	EndGlobalSection
	GlobalSection(ExtensibilityGlobals) = postSolution
		SolutionGuid = {3CBBD6A5-45BB-42CA-B226-AC4A7701473C}
	EndGlobalSection
EndGlobal
